
Microsoft Visual Studio Solution File, Format Version 12.00
# Visual Studio Version 17
VisualStudioVersion = 17.11.35312.102
MinimumVisualStudioVersion = 10.0.40219.1
Project("{2150E333-8FDC-42A3-9474-1A3956D46DE8}") = "Samples", "Samples", "{D14A6F7B-27DA-4C28-A976-8CED01378EA5}"
EndProject
Project("{2150E333-8FDC-42A3-9474-1A3956D46DE8}") = "ConsoleApplication", "ConsoleApplication", "{89B15E8C-428F-4D07-8668-73D59AB5D285}"
EndProject
Project("{9A19103F-16F7-4668-BE54-9A1E7A4F7556}") = "ConsoleApplication.App", "Samples\ConsoleApplication\ConsoleApplication.App\ConsoleApplication.App.csproj", "{FFBF21BB-8303-4470-9152-EC57C42716B1}"
EndProject
Project("{2150E333-8FDC-42A3-9474-1A3956D46DE8}") = "Windows Forms", "Windows Forms", "{30F30CDB-23F6-4A95-A07F-3D47136B9204}"
EndProject
Project("{9A19103F-16F7-4668-BE54-9A1E7A4F7556}") = "WindowsForms.App", "Samples\WindowsForms\WindowsForms.App\WindowsForms.App.csproj", "{96DA9A20-B822-4F4E-899B-D3C6E1DC268E}"
EndProject
Project("{2150E333-8FDC-42A3-9474-1A3956D46DE8}") = "WPF", "WPF", "{04445F10-A8B7-47DB-8894-C5C0BE70625C}"
EndProject
Project("{9A19103F-16F7-4668-BE54-9A1E7A4F7556}") = "WpfApplication.App", "Samples\WpfApplication\WpfApplication.App\WpfApplication.App.csproj", "{FE9FDF70-8019-49C9-9563-1ABA1F56EB4D}"
EndProject
Project("{9A19103F-16F7-4668-BE54-9A1E7A4F7556}") = "DesktopBridge.Helpers", "DesktopBridge.Helpers\DesktopBridge.Helpers.csproj", "{D76EC0C3-9EDF-4917-9541-1AE875746472}"
EndProject
Project("{2150E333-8FDC-42A3-9474-1A3956D46DE8}") = "WPF (.NET Core)", "WPF (.NET Core)", "{C084AA33-D41A-4070-9D82-DC17B020A14A}"
EndProject
Project("{C7167F0D-BC9F-4E6E-AFE1-012C56B48DB5}") = "ConsoleApplication.Package", "Samples\ConsoleApplication\ConsoleApplication.Package\ConsoleApplication.Package.wapproj", "{A76FF0C5-23A3-4A7B-B671-BBBA24730713}"
EndProject
Project("{C7167F0D-BC9F-4E6E-AFE1-012C56B48DB5}") = "WindowsForms.Package", "Samples\WindowsForms\WindowsForms.Package\WindowsForms.Package.wapproj", "{479AD728-507B-436A-82D9-821179E13A99}"
EndProject
Project("{C7167F0D-BC9F-4E6E-AFE1-012C56B48DB5}") = "WpfApplication.Package", "Samples\WpfApplication\WpfApplication.Package\WpfApplication.Package.wapproj", "{E373C139-D35D-45B8-8CC9-69A4418F6EAD}"
EndProject
Project("{9A19103F-16F7-4668-BE54-9A1E7A4F7556}") = "WpfNetCore.App", "Samples\WpfNetCore\WpfNetCore.App\WpfNetCore.App.csproj", "{C6499739-404D-4781-84FC-824A658A8AE8}"
EndProject
Project("{C7167F0D-BC9F-4E6E-AFE1-012C56B48DB5}") = "WpfNetCore.Package", "Samples\WpfNetCore\WpfNetCore.Package\WpfNetCore.Package.wapproj", "{2B30574C-E498-4F2E-9B66-7B18B701634C}"
EndProject
Project("{2150E333-8FDC-42A3-9474-1A3956D46DE8}") = "Windows Forms (.NET Core)", "Windows Forms (.NET Core)", "{85E3396E-6180-42B6-9F64-D221EF3997CD}"
EndProject
Project("{9A19103F-16F7-4668-BE54-9A1E7A4F7556}") = "WindowsFormsNetCore.App", "Samples\WindowsFormsNetCore\WindowsFormsNetCore.App\WindowsFormsNetCore.App.csproj", "{B1AB42EA-C278-4B38-A596-BF03C358EC56}"
EndProject
Project("{C7167F0D-BC9F-4E6E-AFE1-012C56B48DB5}") = "WindowsFormsNetCore.Package", "Samples\WindowsFormsNetCore\WindowsFormsNetCore.Package\WindowsFormsNetCore.Package.wapproj", "{C15594DA-95E7-4516-BF77-1587DF378E68}"
EndProject
Project("{2150E333-8FDC-42A3-9474-1A3956D46DE8}") = "ConsoleApplication (.NET Core)", "ConsoleApplication (.NET Core)", "{8C86543F-9579-4E3C-9886-2859B1165003}"
EndProject
Project("{9A19103F-16F7-4668-BE54-9A1E7A4F7556}") = "ConsoleNetCore.App", "Samples\ConsoleNetCore\ConsoleNetCore.App\ConsoleNetCore.App.csproj", "{0004B595-2B98-40CD-B33D-FF3473A1F564}"
EndProject
Project("{C7167F0D-BC9F-4E6E-AFE1-012C56B48DB5}") = "ConsoleNetCore.Package", "Samples\ConsoleNetCore\ConsoleNetCore.Package\ConsoleNetCore.Package.wapproj", "{04CB330E-63E1-4C02-82BC-CD5BAACC3194}"
EndProject
Project("{2150E333-8FDC-42A3-9474-1A3956D46DE8}") = "WinUI", "WinUI", "{99859A78-0E7C-4F62-AD3F-C19AB624DE63}"
EndProject
Project("{9A19103F-16F7-4668-BE54-9A1E7A4F7556}") = "WinUiApp", "Samples\WinUiApp\WinUiApp\WinUiApp.csproj", "{7B64DAD1-4E83-43A1-A2EA-EBB236B7CA81}"
EndProject
Project("{C7167F0D-BC9F-4E6E-AFE1-012C56B48DB5}") = "WinUiApp (Package)", "Samples\WinUiApp\WinUiApp (Package)\WinUiApp (Package).wapproj", "{37031BDB-F0AE-45A2-A62F-6E124003C265}"
EndProject
Global
	GlobalSection(SolutionConfigurationPlatforms) = preSolution
		Debug|Any CPU = Debug|Any CPU
		Debug|ARM64 = Debug|ARM64
		Debug|x64 = Debug|x64
		Debug|x86 = Debug|x86
		Release|Any CPU = Release|Any CPU
		Release|ARM64 = Release|ARM64
		Release|x64 = Release|x64
		Release|x86 = Release|x86
	EndGlobalSection
	GlobalSection(ProjectConfigurationPlatforms) = postSolution
		{FFBF21BB-8303-4470-9152-EC57C42716B1}.Debug|Any CPU.ActiveCfg = Debug|Any CPU
		{FFBF21BB-8303-4470-9152-EC57C42716B1}.Debug|Any CPU.Build.0 = Debug|Any CPU
		{FFBF21BB-8303-4470-9152-EC57C42716B1}.Debug|ARM64.ActiveCfg = Debug|Any CPU
		{FFBF21BB-8303-4470-9152-EC57C42716B1}.Debug|ARM64.Build.0 = Debug|Any CPU
		{FFBF21BB-8303-4470-9152-EC57C42716B1}.Debug|x64.ActiveCfg = Debug|Any CPU
		{FFBF21BB-8303-4470-9152-EC57C42716B1}.Debug|x64.Build.0 = Debug|Any CPU
		{FFBF21BB-8303-4470-9152-EC57C42716B1}.Debug|x86.ActiveCfg = Debug|Any CPU
		{FFBF21BB-8303-4470-9152-EC57C42716B1}.Debug|x86.Build.0 = Debug|Any CPU
		{FFBF21BB-8303-4470-9152-EC57C42716B1}.Release|Any CPU.ActiveCfg = Release|Any CPU
		{FFBF21BB-8303-4470-9152-EC57C42716B1}.Release|Any CPU.Build.0 = Release|Any CPU
		{FFBF21BB-8303-4470-9152-EC57C42716B1}.Release|ARM64.ActiveCfg = Release|Any CPU
		{FFBF21BB-8303-4470-9152-EC57C42716B1}.Release|ARM64.Build.0 = Release|Any CPU
		{FFBF21BB-8303-4470-9152-EC57C42716B1}.Release|x64.ActiveCfg = Release|Any CPU
		{FFBF21BB-8303-4470-9152-EC57C42716B1}.Release|x64.Build.0 = Release|Any CPU
		{FFBF21BB-8303-4470-9152-EC57C42716B1}.Release|x86.ActiveCfg = Release|Any CPU
		{FFBF21BB-8303-4470-9152-EC57C42716B1}.Release|x86.Build.0 = Release|Any CPU
		{96DA9A20-B822-4F4E-899B-D3C6E1DC268E}.Debug|Any CPU.ActiveCfg = Debug|Any CPU
		{96DA9A20-B822-4F4E-899B-D3C6E1DC268E}.Debug|Any CPU.Build.0 = Debug|Any CPU
		{96DA9A20-B822-4F4E-899B-D3C6E1DC268E}.Debug|ARM64.ActiveCfg = Debug|Any CPU
		{96DA9A20-B822-4F4E-899B-D3C6E1DC268E}.Debug|ARM64.Build.0 = Debug|Any CPU
		{96DA9A20-B822-4F4E-899B-D3C6E1DC268E}.Debug|x64.ActiveCfg = Debug|Any CPU
		{96DA9A20-B822-4F4E-899B-D3C6E1DC268E}.Debug|x64.Build.0 = Debug|Any CPU
		{96DA9A20-B822-4F4E-899B-D3C6E1DC268E}.Debug|x86.ActiveCfg = Debug|Any CPU
		{96DA9A20-B822-4F4E-899B-D3C6E1DC268E}.Debug|x86.Build.0 = Debug|Any CPU
		{96DA9A20-B822-4F4E-899B-D3C6E1DC268E}.Release|Any CPU.ActiveCfg = Release|Any CPU
		{96DA9A20-B822-4F4E-899B-D3C6E1DC268E}.Release|Any CPU.Build.0 = Release|Any CPU
		{96DA9A20-B822-4F4E-899B-D3C6E1DC268E}.Release|ARM64.ActiveCfg = Release|Any CPU
		{96DA9A20-B822-4F4E-899B-D3C6E1DC268E}.Release|ARM64.Build.0 = Release|Any CPU
		{96DA9A20-B822-4F4E-899B-D3C6E1DC268E}.Release|x64.ActiveCfg = Release|Any CPU
		{96DA9A20-B822-4F4E-899B-D3C6E1DC268E}.Release|x64.Build.0 = Release|Any CPU
		{96DA9A20-B822-4F4E-899B-D3C6E1DC268E}.Release|x86.ActiveCfg = Release|Any CPU
		{96DA9A20-B822-4F4E-899B-D3C6E1DC268E}.Release|x86.Build.0 = Release|Any CPU
		{FE9FDF70-8019-49C9-9563-1ABA1F56EB4D}.Debug|Any CPU.ActiveCfg = Debug|Any CPU
		{FE9FDF70-8019-49C9-9563-1ABA1F56EB4D}.Debug|Any CPU.Build.0 = Debug|Any CPU
		{FE9FDF70-8019-49C9-9563-1ABA1F56EB4D}.Debug|ARM64.ActiveCfg = Debug|Any CPU
		{FE9FDF70-8019-49C9-9563-1ABA1F56EB4D}.Debug|ARM64.Build.0 = Debug|Any CPU
		{FE9FDF70-8019-49C9-9563-1ABA1F56EB4D}.Debug|x64.ActiveCfg = Debug|Any CPU
		{FE9FDF70-8019-49C9-9563-1ABA1F56EB4D}.Debug|x64.Build.0 = Debug|Any CPU
		{FE9FDF70-8019-49C9-9563-1ABA1F56EB4D}.Debug|x86.ActiveCfg = Debug|Any CPU
		{FE9FDF70-8019-49C9-9563-1ABA1F56EB4D}.Debug|x86.Build.0 = Debug|Any CPU
		{FE9FDF70-8019-49C9-9563-1ABA1F56EB4D}.Release|Any CPU.ActiveCfg = Release|Any CPU
		{FE9FDF70-8019-49C9-9563-1ABA1F56EB4D}.Release|Any CPU.Build.0 = Release|Any CPU
		{FE9FDF70-8019-49C9-9563-1ABA1F56EB4D}.Release|ARM64.ActiveCfg = Release|Any CPU
		{FE9FDF70-8019-49C9-9563-1ABA1F56EB4D}.Release|ARM64.Build.0 = Release|Any CPU
		{FE9FDF70-8019-49C9-9563-1ABA1F56EB4D}.Release|x64.ActiveCfg = Release|Any CPU
		{FE9FDF70-8019-49C9-9563-1ABA1F56EB4D}.Release|x64.Build.0 = Release|Any CPU
		{FE9FDF70-8019-49C9-9563-1ABA1F56EB4D}.Release|x86.ActiveCfg = Release|Any CPU
		{FE9FDF70-8019-49C9-9563-1ABA1F56EB4D}.Release|x86.Build.0 = Release|Any CPU
		{D76EC0C3-9EDF-4917-9541-1AE875746472}.Debug|Any CPU.ActiveCfg = Debug|Any CPU
		{D76EC0C3-9EDF-4917-9541-1AE875746472}.Debug|Any CPU.Build.0 = Debug|Any CPU
		{D76EC0C3-9EDF-4917-9541-1AE875746472}.Debug|ARM64.ActiveCfg = Debug|Any CPU
		{D76EC0C3-9EDF-4917-9541-1AE875746472}.Debug|ARM64.Build.0 = Debug|Any CPU
		{D76EC0C3-9EDF-4917-9541-1AE875746472}.Debug|x64.ActiveCfg = Debug|Any CPU
		{D76EC0C3-9EDF-4917-9541-1AE875746472}.Debug|x64.Build.0 = Debug|Any CPU
		{D76EC0C3-9EDF-4917-9541-1AE875746472}.Debug|x86.ActiveCfg = Debug|Any CPU
		{D76EC0C3-9EDF-4917-9541-1AE875746472}.Debug|x86.Build.0 = Debug|Any CPU
		{D76EC0C3-9EDF-4917-9541-1AE875746472}.Release|Any CPU.ActiveCfg = Release|Any CPU
		{D76EC0C3-9EDF-4917-9541-1AE875746472}.Release|Any CPU.Build.0 = Release|Any CPU
		{D76EC0C3-9EDF-4917-9541-1AE875746472}.Release|ARM64.ActiveCfg = Release|Any CPU
		{D76EC0C3-9EDF-4917-9541-1AE875746472}.Release|ARM64.Build.0 = Release|Any CPU
		{D76EC0C3-9EDF-4917-9541-1AE875746472}.Release|x64.ActiveCfg = Release|Any CPU
		{D76EC0C3-9EDF-4917-9541-1AE875746472}.Release|x64.Build.0 = Release|Any CPU
		{D76EC0C3-9EDF-4917-9541-1AE875746472}.Release|x86.ActiveCfg = Release|Any CPU
		{D76EC0C3-9EDF-4917-9541-1AE875746472}.Release|x86.Build.0 = Release|Any CPU
		{A76FF0C5-23A3-4A7B-B671-BBBA24730713}.Debug|Any CPU.ActiveCfg = Debug|Any CPU
		{A76FF0C5-23A3-4A7B-B671-BBBA24730713}.Debug|Any CPU.Build.0 = Debug|Any CPU
		{A76FF0C5-23A3-4A7B-B671-BBBA24730713}.Debug|Any CPU.Deploy.0 = Debug|Any CPU
		{A76FF0C5-23A3-4A7B-B671-BBBA24730713}.Debug|ARM64.ActiveCfg = Debug|Any CPU
		{A76FF0C5-23A3-4A7B-B671-BBBA24730713}.Debug|ARM64.Build.0 = Debug|Any CPU
		{A76FF0C5-23A3-4A7B-B671-BBBA24730713}.Debug|ARM64.Deploy.0 = Debug|Any CPU
		{A76FF0C5-23A3-4A7B-B671-BBBA24730713}.Debug|x64.ActiveCfg = Debug|x64
		{A76FF0C5-23A3-4A7B-B671-BBBA24730713}.Debug|x64.Build.0 = Debug|x64
		{A76FF0C5-23A3-4A7B-B671-BBBA24730713}.Debug|x64.Deploy.0 = Debug|x64
		{A76FF0C5-23A3-4A7B-B671-BBBA24730713}.Debug|x86.ActiveCfg = Debug|x86
		{A76FF0C5-23A3-4A7B-B671-BBBA24730713}.Debug|x86.Build.0 = Debug|x86
		{A76FF0C5-23A3-4A7B-B671-BBBA24730713}.Debug|x86.Deploy.0 = Debug|x86
		{A76FF0C5-23A3-4A7B-B671-BBBA24730713}.Release|Any CPU.ActiveCfg = Release|Any CPU
		{A76FF0C5-23A3-4A7B-B671-BBBA24730713}.Release|Any CPU.Build.0 = Release|Any CPU
		{A76FF0C5-23A3-4A7B-B671-BBBA24730713}.Release|Any CPU.Deploy.0 = Release|Any CPU
		{A76FF0C5-23A3-4A7B-B671-BBBA24730713}.Release|ARM64.ActiveCfg = Release|Any CPU
		{A76FF0C5-23A3-4A7B-B671-BBBA24730713}.Release|ARM64.Build.0 = Release|Any CPU
		{A76FF0C5-23A3-4A7B-B671-BBBA24730713}.Release|ARM64.Deploy.0 = Release|Any CPU
		{A76FF0C5-23A3-4A7B-B671-BBBA24730713}.Release|x64.ActiveCfg = Release|x64
		{A76FF0C5-23A3-4A7B-B671-BBBA24730713}.Release|x64.Build.0 = Release|x64
		{A76FF0C5-23A3-4A7B-B671-BBBA24730713}.Release|x64.Deploy.0 = Release|x64
		{A76FF0C5-23A3-4A7B-B671-BBBA24730713}.Release|x86.ActiveCfg = Release|x86
		{A76FF0C5-23A3-4A7B-B671-BBBA24730713}.Release|x86.Build.0 = Release|x86
		{A76FF0C5-23A3-4A7B-B671-BBBA24730713}.Release|x86.Deploy.0 = Release|x86
		{479AD728-507B-436A-82D9-821179E13A99}.Debug|Any CPU.ActiveCfg = Debug|Any CPU
		{479AD728-507B-436A-82D9-821179E13A99}.Debug|Any CPU.Build.0 = Debug|Any CPU
		{479AD728-507B-436A-82D9-821179E13A99}.Debug|Any CPU.Deploy.0 = Debug|Any CPU
		{479AD728-507B-436A-82D9-821179E13A99}.Debug|ARM64.ActiveCfg = Debug|Any CPU
		{479AD728-507B-436A-82D9-821179E13A99}.Debug|ARM64.Build.0 = Debug|Any CPU
		{479AD728-507B-436A-82D9-821179E13A99}.Debug|ARM64.Deploy.0 = Debug|Any CPU
		{479AD728-507B-436A-82D9-821179E13A99}.Debug|x64.ActiveCfg = Debug|x64
		{479AD728-507B-436A-82D9-821179E13A99}.Debug|x64.Build.0 = Debug|x64
		{479AD728-507B-436A-82D9-821179E13A99}.Debug|x64.Deploy.0 = Debug|x64
		{479AD728-507B-436A-82D9-821179E13A99}.Debug|x86.ActiveCfg = Debug|x86
		{479AD728-507B-436A-82D9-821179E13A99}.Debug|x86.Build.0 = Debug|x86
		{479AD728-507B-436A-82D9-821179E13A99}.Debug|x86.Deploy.0 = Debug|x86
		{479AD728-507B-436A-82D9-821179E13A99}.Release|Any CPU.ActiveCfg = Release|Any CPU
		{479AD728-507B-436A-82D9-821179E13A99}.Release|Any CPU.Build.0 = Release|Any CPU
		{479AD728-507B-436A-82D9-821179E13A99}.Release|Any CPU.Deploy.0 = Release|Any CPU
		{479AD728-507B-436A-82D9-821179E13A99}.Release|ARM64.ActiveCfg = Release|Any CPU
		{479AD728-507B-436A-82D9-821179E13A99}.Release|ARM64.Build.0 = Release|Any CPU
		{479AD728-507B-436A-82D9-821179E13A99}.Release|ARM64.Deploy.0 = Release|Any CPU
		{479AD728-507B-436A-82D9-821179E13A99}.Release|x64.ActiveCfg = Release|x64
		{479AD728-507B-436A-82D9-821179E13A99}.Release|x64.Build.0 = Release|x64
		{479AD728-507B-436A-82D9-821179E13A99}.Release|x64.Deploy.0 = Release|x64
		{479AD728-507B-436A-82D9-821179E13A99}.Release|x86.ActiveCfg = Release|x86
		{479AD728-507B-436A-82D9-821179E13A99}.Release|x86.Build.0 = Release|x86
		{479AD728-507B-436A-82D9-821179E13A99}.Release|x86.Deploy.0 = Release|x86
		{E373C139-D35D-45B8-8CC9-69A4418F6EAD}.Debug|Any CPU.ActiveCfg = Debug|Any CPU
		{E373C139-D35D-45B8-8CC9-69A4418F6EAD}.Debug|Any CPU.Build.0 = Debug|Any CPU
		{E373C139-D35D-45B8-8CC9-69A4418F6EAD}.Debug|Any CPU.Deploy.0 = Debug|Any CPU
		{E373C139-D35D-45B8-8CC9-69A4418F6EAD}.Debug|ARM64.ActiveCfg = Debug|Any CPU
		{E373C139-D35D-45B8-8CC9-69A4418F6EAD}.Debug|ARM64.Build.0 = Debug|Any CPU
		{E373C139-D35D-45B8-8CC9-69A4418F6EAD}.Debug|ARM64.Deploy.0 = Debug|Any CPU
		{E373C139-D35D-45B8-8CC9-69A4418F6EAD}.Debug|x64.ActiveCfg = Debug|x64
		{E373C139-D35D-45B8-8CC9-69A4418F6EAD}.Debug|x64.Build.0 = Debug|x64
		{E373C139-D35D-45B8-8CC9-69A4418F6EAD}.Debug|x64.Deploy.0 = Debug|x64
		{E373C139-D35D-45B8-8CC9-69A4418F6EAD}.Debug|x86.ActiveCfg = Debug|x86
		{E373C139-D35D-45B8-8CC9-69A4418F6EAD}.Debug|x86.Build.0 = Debug|x86
		{E373C139-D35D-45B8-8CC9-69A4418F6EAD}.Debug|x86.Deploy.0 = Debug|x86
		{E373C139-D35D-45B8-8CC9-69A4418F6EAD}.Release|Any CPU.ActiveCfg = Release|Any CPU
		{E373C139-D35D-45B8-8CC9-69A4418F6EAD}.Release|Any CPU.Build.0 = Release|Any CPU
		{E373C139-D35D-45B8-8CC9-69A4418F6EAD}.Release|Any CPU.Deploy.0 = Release|Any CPU
		{E373C139-D35D-45B8-8CC9-69A4418F6EAD}.Release|ARM64.ActiveCfg = Release|Any CPU
		{E373C139-D35D-45B8-8CC9-69A4418F6EAD}.Release|ARM64.Build.0 = Release|Any CPU
		{E373C139-D35D-45B8-8CC9-69A4418F6EAD}.Release|ARM64.Deploy.0 = Release|Any CPU
		{E373C139-D35D-45B8-8CC9-69A4418F6EAD}.Release|x64.ActiveCfg = Release|x64
		{E373C139-D35D-45B8-8CC9-69A4418F6EAD}.Release|x64.Build.0 = Release|x64
		{E373C139-D35D-45B8-8CC9-69A4418F6EAD}.Release|x64.Deploy.0 = Release|x64
		{E373C139-D35D-45B8-8CC9-69A4418F6EAD}.Release|x86.ActiveCfg = Release|x86
		{E373C139-D35D-45B8-8CC9-69A4418F6EAD}.Release|x86.Build.0 = Release|x86
		{E373C139-D35D-45B8-8CC9-69A4418F6EAD}.Release|x86.Deploy.0 = Release|x86
		{C6499739-404D-4781-84FC-824A658A8AE8}.Debug|Any CPU.ActiveCfg = Debug|Any CPU
		{C6499739-404D-4781-84FC-824A658A8AE8}.Debug|Any CPU.Build.0 = Debug|Any CPU
		{C6499739-404D-4781-84FC-824A658A8AE8}.Debug|ARM64.ActiveCfg = Debug|arm64
		{C6499739-404D-4781-84FC-824A658A8AE8}.Debug|ARM64.Build.0 = Debug|arm64
		{C6499739-404D-4781-84FC-824A658A8AE8}.Debug|x64.ActiveCfg = Debug|x64
		{C6499739-404D-4781-84FC-824A658A8AE8}.Debug|x64.Build.0 = Debug|x64
		{C6499739-404D-4781-84FC-824A658A8AE8}.Debug|x86.ActiveCfg = Debug|x86
		{C6499739-404D-4781-84FC-824A658A8AE8}.Debug|x86.Build.0 = Debug|x86
		{C6499739-404D-4781-84FC-824A658A8AE8}.Release|Any CPU.ActiveCfg = Release|Any CPU
		{C6499739-404D-4781-84FC-824A658A8AE8}.Release|Any CPU.Build.0 = Release|Any CPU
		{C6499739-404D-4781-84FC-824A658A8AE8}.Release|ARM64.ActiveCfg = Release|arm64
		{C6499739-404D-4781-84FC-824A658A8AE8}.Release|ARM64.Build.0 = Release|arm64
		{C6499739-404D-4781-84FC-824A658A8AE8}.Release|x64.ActiveCfg = Release|x64
		{C6499739-404D-4781-84FC-824A658A8AE8}.Release|x64.Build.0 = Release|x64
		{C6499739-404D-4781-84FC-824A658A8AE8}.Release|x86.ActiveCfg = Release|x86
		{C6499739-404D-4781-84FC-824A658A8AE8}.Release|x86.Build.0 = Release|x86
		{2B30574C-E498-4F2E-9B66-7B18B701634C}.Debug|Any CPU.ActiveCfg = Debug|Any CPU
		{2B30574C-E498-4F2E-9B66-7B18B701634C}.Debug|Any CPU.Build.0 = Debug|Any CPU
		{2B30574C-E498-4F2E-9B66-7B18B701634C}.Debug|Any CPU.Deploy.0 = Debug|Any CPU
		{2B30574C-E498-4F2E-9B66-7B18B701634C}.Debug|ARM64.ActiveCfg = Debug|Any CPU
		{2B30574C-E498-4F2E-9B66-7B18B701634C}.Debug|ARM64.Build.0 = Debug|Any CPU
		{2B30574C-E498-4F2E-9B66-7B18B701634C}.Debug|ARM64.Deploy.0 = Debug|Any CPU
		{2B30574C-E498-4F2E-9B66-7B18B701634C}.Debug|x64.ActiveCfg = Debug|x64
		{2B30574C-E498-4F2E-9B66-7B18B701634C}.Debug|x64.Build.0 = Debug|x64
		{2B30574C-E498-4F2E-9B66-7B18B701634C}.Debug|x64.Deploy.0 = Debug|x64
		{2B30574C-E498-4F2E-9B66-7B18B701634C}.Debug|x86.ActiveCfg = Debug|x86
		{2B30574C-E498-4F2E-9B66-7B18B701634C}.Debug|x86.Build.0 = Debug|x86
		{2B30574C-E498-4F2E-9B66-7B18B701634C}.Debug|x86.Deploy.0 = Debug|x86
		{2B30574C-E498-4F2E-9B66-7B18B701634C}.Release|Any CPU.ActiveCfg = Release|Any CPU
		{2B30574C-E498-4F2E-9B66-7B18B701634C}.Release|Any CPU.Build.0 = Release|Any CPU
		{2B30574C-E498-4F2E-9B66-7B18B701634C}.Release|Any CPU.Deploy.0 = Release|Any CPU
		{2B30574C-E498-4F2E-9B66-7B18B701634C}.Release|ARM64.ActiveCfg = Release|Any CPU
		{2B30574C-E498-4F2E-9B66-7B18B701634C}.Release|ARM64.Build.0 = Release|Any CPU
		{2B30574C-E498-4F2E-9B66-7B18B701634C}.Release|ARM64.Deploy.0 = Release|Any CPU
		{2B30574C-E498-4F2E-9B66-7B18B701634C}.Release|x64.ActiveCfg = Release|x64
		{2B30574C-E498-4F2E-9B66-7B18B701634C}.Release|x64.Build.0 = Release|x64
		{2B30574C-E498-4F2E-9B66-7B18B701634C}.Release|x64.Deploy.0 = Release|x64
		{2B30574C-E498-4F2E-9B66-7B18B701634C}.Release|x86.ActiveCfg = Release|x86
		{2B30574C-E498-4F2E-9B66-7B18B701634C}.Release|x86.Build.0 = Release|x86
		{2B30574C-E498-4F2E-9B66-7B18B701634C}.Release|x86.Deploy.0 = Release|x86
		{B1AB42EA-C278-4B38-A596-BF03C358EC56}.Debug|Any CPU.ActiveCfg = Debug|Any CPU
		{B1AB42EA-C278-4B38-A596-BF03C358EC56}.Debug|Any CPU.Build.0 = Debug|Any CPU
		{B1AB42EA-C278-4B38-A596-BF03C358EC56}.Debug|ARM64.ActiveCfg = Debug|arm64
		{B1AB42EA-C278-4B38-A596-BF03C358EC56}.Debug|ARM64.Build.0 = Debug|arm64
		{B1AB42EA-C278-4B38-A596-BF03C358EC56}.Debug|x64.ActiveCfg = Debug|x64
		{B1AB42EA-C278-4B38-A596-BF03C358EC56}.Debug|x64.Build.0 = Debug|x64
		{B1AB42EA-C278-4B38-A596-BF03C358EC56}.Debug|x86.ActiveCfg = Debug|Any CPU
		{B1AB42EA-C278-4B38-A596-BF03C358EC56}.Debug|x86.Build.0 = Debug|Any CPU
		{B1AB42EA-C278-4B38-A596-BF03C358EC56}.Release|Any CPU.ActiveCfg = Release|Any CPU
		{B1AB42EA-C278-4B38-A596-BF03C358EC56}.Release|Any CPU.Build.0 = Release|Any CPU
		{B1AB42EA-C278-4B38-A596-BF03C358EC56}.Release|ARM64.ActiveCfg = Release|arm64
		{B1AB42EA-C278-4B38-A596-BF03C358EC56}.Release|ARM64.Build.0 = Release|arm64
		{B1AB42EA-C278-4B38-A596-BF03C358EC56}.Release|x64.ActiveCfg = Release|x64
		{B1AB42EA-C278-4B38-A596-BF03C358EC56}.Release|x64.Build.0 = Release|x64
		{B1AB42EA-C278-4B38-A596-BF03C358EC56}.Release|x86.ActiveCfg = Release|x86
		{B1AB42EA-C278-4B38-A596-BF03C358EC56}.Release|x86.Build.0 = Release|x86
		{C15594DA-95E7-4516-BF77-1587DF378E68}.Debug|Any CPU.ActiveCfg = Debug|Any CPU
		{C15594DA-95E7-4516-BF77-1587DF378E68}.Debug|Any CPU.Build.0 = Debug|Any CPU
		{C15594DA-95E7-4516-BF77-1587DF378E68}.Debug|Any CPU.Deploy.0 = Debug|Any CPU
		{C15594DA-95E7-4516-BF77-1587DF378E68}.Debug|ARM64.ActiveCfg = Debug|Any CPU
		{C15594DA-95E7-4516-BF77-1587DF378E68}.Debug|ARM64.Build.0 = Debug|Any CPU
		{C15594DA-95E7-4516-BF77-1587DF378E68}.Debug|ARM64.Deploy.0 = Debug|Any CPU
		{C15594DA-95E7-4516-BF77-1587DF378E68}.Debug|x64.ActiveCfg = Debug|x64
		{C15594DA-95E7-4516-BF77-1587DF378E68}.Debug|x64.Build.0 = Debug|x64
		{C15594DA-95E7-4516-BF77-1587DF378E68}.Debug|x64.Deploy.0 = Debug|x64
		{C15594DA-95E7-4516-BF77-1587DF378E68}.Debug|x86.ActiveCfg = Debug|x86
		{C15594DA-95E7-4516-BF77-1587DF378E68}.Debug|x86.Build.0 = Debug|x86
		{C15594DA-95E7-4516-BF77-1587DF378E68}.Debug|x86.Deploy.0 = Debug|x86
		{C15594DA-95E7-4516-BF77-1587DF378E68}.Release|Any CPU.ActiveCfg = Release|Any CPU
		{C15594DA-95E7-4516-BF77-1587DF378E68}.Release|Any CPU.Build.0 = Release|Any CPU
		{C15594DA-95E7-4516-BF77-1587DF378E68}.Release|Any CPU.Deploy.0 = Release|Any CPU
		{C15594DA-95E7-4516-BF77-1587DF378E68}.Release|ARM64.ActiveCfg = Release|Any CPU
		{C15594DA-95E7-4516-BF77-1587DF378E68}.Release|ARM64.Build.0 = Release|Any CPU
		{C15594DA-95E7-4516-BF77-1587DF378E68}.Release|ARM64.Deploy.0 = Release|Any CPU
		{C15594DA-95E7-4516-BF77-1587DF378E68}.Release|x64.ActiveCfg = Release|x64
		{C15594DA-95E7-4516-BF77-1587DF378E68}.Release|x64.Build.0 = Release|x64
		{C15594DA-95E7-4516-BF77-1587DF378E68}.Release|x64.Deploy.0 = Release|x64
		{C15594DA-95E7-4516-BF77-1587DF378E68}.Release|x86.ActiveCfg = Release|x86
		{C15594DA-95E7-4516-BF77-1587DF378E68}.Release|x86.Build.0 = Release|x86
		{C15594DA-95E7-4516-BF77-1587DF378E68}.Release|x86.Deploy.0 = Release|x86
		{0004B595-2B98-40CD-B33D-FF3473A1F564}.Debug|Any CPU.ActiveCfg = Debug|Any CPU
		{0004B595-2B98-40CD-B33D-FF3473A1F564}.Debug|Any CPU.Build.0 = Debug|Any CPU
		{0004B595-2B98-40CD-B33D-FF3473A1F564}.Debug|ARM64.ActiveCfg = Debug|arm64
		{0004B595-2B98-40CD-B33D-FF3473A1F564}.Debug|ARM64.Build.0 = Debug|arm64
		{0004B595-2B98-40CD-B33D-FF3473A1F564}.Debug|x64.ActiveCfg = Debug|x64
		{0004B595-2B98-40CD-B33D-FF3473A1F564}.Debug|x64.Build.0 = Debug|x64
		{0004B595-2B98-40CD-B33D-FF3473A1F564}.Debug|x86.ActiveCfg = Debug|x86
		{0004B595-2B98-40CD-B33D-FF3473A1F564}.Debug|x86.Build.0 = Debug|x86
		{0004B595-2B98-40CD-B33D-FF3473A1F564}.Release|Any CPU.ActiveCfg = Release|Any CPU
		{0004B595-2B98-40CD-B33D-FF3473A1F564}.Release|Any CPU.Build.0 = Release|Any CPU
		{0004B595-2B98-40CD-B33D-FF3473A1F564}.Release|ARM64.ActiveCfg = Release|arm64
		{0004B595-2B98-40CD-B33D-FF3473A1F564}.Release|ARM64.Build.0 = Release|arm64
		{0004B595-2B98-40CD-B33D-FF3473A1F564}.Release|x64.ActiveCfg = Release|x64
		{0004B595-2B98-40CD-B33D-FF3473A1F564}.Release|x64.Build.0 = Release|x64
		{0004B595-2B98-40CD-B33D-FF3473A1F564}.Release|x86.ActiveCfg = Release|x86
		{0004B595-2B98-40CD-B33D-FF3473A1F564}.Release|x86.Build.0 = Release|x86
		{04CB330E-63E1-4C02-82BC-CD5BAACC3194}.Debug|Any CPU.ActiveCfg = Debug|Any CPU
		{04CB330E-63E1-4C02-82BC-CD5BAACC3194}.Debug|Any CPU.Build.0 = Debug|Any CPU
		{04CB330E-63E1-4C02-82BC-CD5BAACC3194}.Debug|Any CPU.Deploy.0 = Debug|Any CPU
		{04CB330E-63E1-4C02-82BC-CD5BAACC3194}.Debug|ARM64.ActiveCfg = Debug|Any CPU
		{04CB330E-63E1-4C02-82BC-CD5BAACC3194}.Debug|ARM64.Build.0 = Debug|Any CPU
		{04CB330E-63E1-4C02-82BC-CD5BAACC3194}.Debug|ARM64.Deploy.0 = Debug|Any CPU
		{04CB330E-63E1-4C02-82BC-CD5BAACC3194}.Debug|x64.ActiveCfg = Debug|x64
		{04CB330E-63E1-4C02-82BC-CD5BAACC3194}.Debug|x64.Build.0 = Debug|x64
		{04CB330E-63E1-4C02-82BC-CD5BAACC3194}.Debug|x64.Deploy.0 = Debug|x64
		{04CB330E-63E1-4C02-82BC-CD5BAACC3194}.Debug|x86.ActiveCfg = Debug|x86
		{04CB330E-63E1-4C02-82BC-CD5BAACC3194}.Debug|x86.Build.0 = Debug|x86
		{04CB330E-63E1-4C02-82BC-CD5BAACC3194}.Debug|x86.Deploy.0 = Debug|x86
		{04CB330E-63E1-4C02-82BC-CD5BAACC3194}.Release|Any CPU.ActiveCfg = Release|Any CPU
		{04CB330E-63E1-4C02-82BC-CD5BAACC3194}.Release|Any CPU.Build.0 = Release|Any CPU
		{04CB330E-63E1-4C02-82BC-CD5BAACC3194}.Release|Any CPU.Deploy.0 = Release|Any CPU
		{04CB330E-63E1-4C02-82BC-CD5BAACC3194}.Release|ARM64.ActiveCfg = Release|Any CPU
		{04CB330E-63E1-4C02-82BC-CD5BAACC3194}.Release|ARM64.Build.0 = Release|Any CPU
		{04CB330E-63E1-4C02-82BC-CD5BAACC3194}.Release|ARM64.Deploy.0 = Release|Any CPU
		{04CB330E-63E1-4C02-82BC-CD5BAACC3194}.Release|x64.ActiveCfg = Release|x64
		{04CB330E-63E1-4C02-82BC-CD5BAACC3194}.Release|x64.Build.0 = Release|x64
		{04CB330E-63E1-4C02-82BC-CD5BAACC3194}.Release|x64.Deploy.0 = Release|x64
		{04CB330E-63E1-4C02-82BC-CD5BAACC3194}.Release|x86.ActiveCfg = Release|x86
		{04CB330E-63E1-4C02-82BC-CD5BAACC3194}.Release|x86.Build.0 = Release|x86
		{04CB330E-63E1-4C02-82BC-CD5BAACC3194}.Release|x86.Deploy.0 = Release|x86
		{7B64DAD1-4E83-43A1-A2EA-EBB236B7CA81}.Debug|Any CPU.ActiveCfg = Debug|x86
		{7B64DAD1-4E83-43A1-A2EA-EBB236B7CA81}.Debug|Any CPU.Build.0 = Debug|x86
		{7B64DAD1-4E83-43A1-A2EA-EBB236B7CA81}.Debug|ARM64.ActiveCfg = Debug|arm64
		{7B64DAD1-4E83-43A1-A2EA-EBB236B7CA81}.Debug|ARM64.Build.0 = Debug|arm64
		{7B64DAD1-4E83-43A1-A2EA-EBB236B7CA81}.Debug|x64.ActiveCfg = Debug|x64
		{7B64DAD1-4E83-43A1-A2EA-EBB236B7CA81}.Debug|x64.Build.0 = Debug|x64
		{7B64DAD1-4E83-43A1-A2EA-EBB236B7CA81}.Debug|x86.ActiveCfg = Debug|x86
		{7B64DAD1-4E83-43A1-A2EA-EBB236B7CA81}.Debug|x86.Build.0 = Debug|x86
		{7B64DAD1-4E83-43A1-A2EA-EBB236B7CA81}.Release|Any CPU.ActiveCfg = Release|x86
		{7B64DAD1-4E83-43A1-A2EA-EBB236B7CA81}.Release|Any CPU.Build.0 = Release|x86
		{7B64DAD1-4E83-43A1-A2EA-EBB236B7CA81}.Release|ARM64.ActiveCfg = Release|arm64
		{7B64DAD1-4E83-43A1-A2EA-EBB236B7CA81}.Release|ARM64.Build.0 = Release|arm64
		{7B64DAD1-4E83-43A1-A2EA-EBB236B7CA81}.Release|x64.ActiveCfg = Release|x64
		{7B64DAD1-4E83-43A1-A2EA-EBB236B7CA81}.Release|x64.Build.0 = Release|x64
		{7B64DAD1-4E83-43A1-A2EA-EBB236B7CA81}.Release|x86.ActiveCfg = Release|x86
		{7B64DAD1-4E83-43A1-A2EA-EBB236B7CA81}.Release|x86.Build.0 = Release|x86
		{37031BDB-F0AE-45A2-A62F-6E124003C265}.Debug|Any CPU.ActiveCfg = Debug|x86
		{37031BDB-F0AE-45A2-A62F-6E124003C265}.Debug|Any CPU.Build.0 = Debug|x86
		{37031BDB-F0AE-45A2-A62F-6E124003C265}.Debug|Any CPU.Deploy.0 = Debug|x86
		{37031BDB-F0AE-45A2-A62F-6E124003C265}.Debug|ARM64.ActiveCfg = Debug|ARM64
		{37031BDB-F0AE-45A2-A62F-6E124003C265}.Debug|ARM64.Build.0 = Debug|ARM64
		{37031BDB-F0AE-45A2-A62F-6E124003C265}.Debug|ARM64.Deploy.0 = Debug|ARM64
		{37031BDB-F0AE-45A2-A62F-6E124003C265}.Debug|x64.ActiveCfg = Debug|x64
		{37031BDB-F0AE-45A2-A62F-6E124003C265}.Debug|x64.Build.0 = Debug|x64
		{37031BDB-F0AE-45A2-A62F-6E124003C265}.Debug|x64.Deploy.0 = Debug|x64
		{37031BDB-F0AE-45A2-A62F-6E124003C265}.Debug|x86.ActiveCfg = Debug|x86
		{37031BDB-F0AE-45A2-A62F-6E124003C265}.Debug|x86.Build.0 = Debug|x86
		{37031BDB-F0AE-45A2-A62F-6E124003C265}.Debug|x86.Deploy.0 = Debug|x86
		{37031BDB-F0AE-45A2-A62F-6E124003C265}.Release|Any CPU.ActiveCfg = Release|x86
		{37031BDB-F0AE-45A2-A62F-6E124003C265}.Release|Any CPU.Build.0 = Release|x86
		{37031BDB-F0AE-45A2-A62F-6E124003C265}.Release|Any CPU.Deploy.0 = Release|x86
		{37031BDB-F0AE-45A2-A62F-6E124003C265}.Release|ARM64.ActiveCfg = Release|ARM64
		{37031BDB-F0AE-45A2-A62F-6E124003C265}.Release|ARM64.Build.0 = Release|ARM64
		{37031BDB-F0AE-45A2-A62F-6E124003C265}.Release|ARM64.Deploy.0 = Release|ARM64
		{37031BDB-F0AE-45A2-A62F-6E124003C265}.Release|x64.ActiveCfg = Release|x64
		{37031BDB-F0AE-45A2-A62F-6E124003C265}.Release|x64.Build.0 = Release|x64
		{37031BDB-F0AE-45A2-A62F-6E124003C265}.Release|x64.Deploy.0 = Release|x64
		{37031BDB-F0AE-45A2-A62F-6E124003C265}.Release|x86.ActiveCfg = Release|x86
		{37031BDB-F0AE-45A2-A62F-6E124003C265}.Release|x86.Build.0 = Release|x86
		{37031BDB-F0AE-45A2-A62F-6E124003C265}.Release|x86.Deploy.0 = Release|x86
	EndGlobalSection
	GlobalSection(SolutionProperties) = preSolution
		HideSolutionNode = FALSE
	EndGlobalSection
	GlobalSection(NestedProjects) = preSolution
		{89B15E8C-428F-4D07-8668-73D59AB5D285} = {D14A6F7B-27DA-4C28-A976-8CED01378EA5}
		{FFBF21BB-8303-4470-9152-EC57C42716B1} = {89B15E8C-428F-4D07-8668-73D59AB5D285}
		{30F30CDB-23F6-4A95-A07F-3D47136B9204} = {D14A6F7B-27DA-4C28-A976-8CED01378EA5}
		{96DA9A20-B822-4F4E-899B-D3C6E1DC268E} = {30F30CDB-23F6-4A95-A07F-3D47136B9204}
		{04445F10-A8B7-47DB-8894-C5C0BE70625C} = {D14A6F7B-27DA-4C28-A976-8CED01378EA5}
		{FE9FDF70-8019-49C9-9563-1ABA1F56EB4D} = {04445F10-A8B7-47DB-8894-C5C0BE70625C}
		{C084AA33-D41A-4070-9D82-DC17B020A14A} = {D14A6F7B-27DA-4C28-A976-8CED01378EA5}
		{A76FF0C5-23A3-4A7B-B671-BBBA24730713} = {89B15E8C-428F-4D07-8668-73D59AB5D285}
		{479AD728-507B-436A-82D9-821179E13A99} = {30F30CDB-23F6-4A95-A07F-3D47136B9204}
		{E373C139-D35D-45B8-8CC9-69A4418F6EAD} = {04445F10-A8B7-47DB-8894-C5C0BE70625C}
		{C6499739-404D-4781-84FC-824A658A8AE8} = {C084AA33-D41A-4070-9D82-DC17B020A14A}
		{2B30574C-E498-4F2E-9B66-7B18B701634C} = {C084AA33-D41A-4070-9D82-DC17B020A14A}
		{85E3396E-6180-42B6-9F64-D221EF3997CD} = {D14A6F7B-27DA-4C28-A976-8CED01378EA5}
		{B1AB42EA-C278-4B38-A596-BF03C358EC56} = {85E3396E-6180-42B6-9F64-D221EF3997CD}
		{C15594DA-95E7-4516-BF77-1587DF378E68} = {85E3396E-6180-42B6-9F64-D221EF3997CD}
		{8C86543F-9579-4E3C-9886-2859B1165003} = {D14A6F7B-27DA-4C28-A976-8CED01378EA5}
		{0004B595-2B98-40CD-B33D-FF3473A1F564} = {8C86543F-9579-4E3C-9886-2859B1165003}
		{04CB330E-63E1-4C02-82BC-CD5BAACC3194} = {8C86543F-9579-4E3C-9886-2859B1165003}
		{99859A78-0E7C-4F62-AD3F-C19AB624DE63} = {D14A6F7B-27DA-4C28-A976-8CED01378EA5}
		{7B64DAD1-4E83-43A1-A2EA-EBB236B7CA81} = {99859A78-0E7C-4F62-AD3F-C19AB624DE63}
		{37031BDB-F0AE-45A2-A62F-6E124003C265} = {99859A78-0E7C-4F62-AD3F-C19AB624DE63}
	EndGlobalSection
	GlobalSection(ExtensibilityGlobals) = postSolution
		SolutionGuid = {9DA4F857-07B6-4E33-8D37-947D68660C8C}
	EndGlobalSection
EndGlobal
